<?xml version="1.0" encoding="utf-8"?>
<Project ToolsVersion="4.0" xmlns="http://schemas.microsoft.com/developer/msbuild/2003">
  <ItemGroup>
    <Filter Include="World">
      <UniqueIdentifier>{53bb2a17-3b2f-4284-bd78-0afa2cbd7bd6}</UniqueIdentifier>
    </Filter>
    <Filter Include="Engine">
      <UniqueIdentifier>{4FC737F1-C7A5-4376-A066-2A32D752A2FF}</UniqueIdentifier>
      <Extensions>cpp;c;cc;cxx;c++;cppm;ixx;def;odl;idl;hpj;bat;asm;asmx</Extensions>
    </Filter>
    <Filter Include="Game">
      <UniqueIdentifier>{b008a45a-70ea-48c7-b5be-52f0ba55391d}</UniqueIdentifier>
    </Filter>
    <Filter Include="Resources">
      <UniqueIdentifier>{67DA6AB6-F800-4c08-8B7A-83BB121AAD01}</UniqueIdentifier>
      <Extensions>rc;ico;cur;bmp;dlg;rc2;rct;bin;rgs;gif;jpg;jpeg;jpe;resx;tiff;tif;png;wav;mfcribbon-ms</Extensions>
    </Filter>
    <Filter Include="Resources\Shaders">
      <UniqueIdentifier>{24715acf-b6eb-4b2f-9ae8-ec6c08a5933e}</UniqueIdentifier>
    </Filter>
    <Filter Include="Resources\Textures">
      <UniqueIdentifier>{ff00db2e-e20f-431b-8039-50aeb0de18f5}</UniqueIdentifier>
    </Filter>
    <Filter Include="Rendering">
      <UniqueIdentifier>{1b2d2537-3902-446a-b721-838d1d6f4721}</UniqueIdentifier>
    </Filter>
    <Filter Include="Player">
      <UniqueIdentifier>{68052128-a535-4f56-b346-4b42cfe253fe}</UniqueIdentifier>
    </Filter>
  </ItemGroup>
  <ItemGroup>
    <ClCompile Include="glad.c">
      <Filter>Engine</Filter>
    </ClCompile>
    <ClCompile Include="main.cpp">
      <Filter>Engine</Filter>
    </ClCompile>
    <ClCompile Include="stb.cpp">
      <Filter>Engine</Filter>
    </ClCompile>
    <ClCompile Include="Mesh.cpp">
      <Filter>Rendering</Filter>
    </ClCompile>
    <ClCompile Include="EBO.cpp">
      <Filter>Rendering</Filter>
    </ClCompile>
    <ClCompile Include="VAO.cpp">
      <Filter>Rendering</Filter>
    </ClCompile>
    <ClCompile Include="VBO.cpp">
      <Filter>Rendering</Filter>
    </ClCompile>
    <ClCompile Include="Texture.cpp">
      <Filter>Rendering</Filter>
    </ClCompile>
    <ClCompile Include="world_mesh_utils.cpp">
      <Filter>World</Filter>
    </ClCompile>
    <ClCompile Include="world_data_utils.cpp">
      <Filter>World</Filter>
    </ClCompile>
    <ClCompile Include="mesh_utils.cpp">
      <Filter>World</Filter>
    </ClCompile>
    <ClCompile Include="World.cpp">
      <Filter>World</Filter>
    </ClCompile>
    <ClCompile Include="Chunk.cpp">
      <Filter>World</Filter>
    </ClCompile>
    <ClCompile Include="utils.cpp">
      <Filter>Engine</Filter>
    </ClCompile>
    <ClCompile Include="Game.cpp">
      <Filter>Game</Filter>
    </ClCompile>
    <ClCompile Include="Object.cpp">
      <Filter>Game</Filter>
    </ClCompile>
    <ClCompile Include="Shader.cpp">
      <Filter>Rendering</Filter>
    </ClCompile>
    <ClCompile Include="ShadowMapFBO.cpp">
      <Filter>Rendering</Filter>
    </ClCompile>
    <ClCompile Include="ChunkMesh.cpp">
      <Filter>Rendering</Filter>
    </ClCompile>
    <ClCompile Include="AxisPlane.cpp">
      <Filter>Game</Filter>
    </ClCompile>
    <ClCompile Include="Camera.cpp">
      <Filter>Player</Filter>
    </ClCompile>
    <ClCompile Include="Terraformer.cpp">
      <Filter>Player</Filter>
    </ClCompile>
    <ClCompile Include="BlockSelector.cpp">
      <Filter>Player</Filter>
    </ClCompile>
  </ItemGroup>
  <ItemGroup>
    <None Include="default.vert">
      <Filter>Resources\Shaders</Filter>
    </None>
    <None Include="default.frag">
      <Filter>Resources\Shaders</Filter>
    </None>
    <None Include="material.frag">
      <Filter>Resources\Shaders</Filter>
    </None>
    <None Include="normals_debug.frag">
      <Filter>Resources\Shaders</Filter>
    </None>
    <None Include="unlit_color.frag">
      <Filter>Resources\Shaders</Filter>
    </None>
    <None Include="shadow_map.vert">
      <Filter>Resources\Shaders</Filter>
    </None>
    <None Include="chunk.vert">
      <Filter>Resources\Shaders</Filter>
    </None>
    <None Include="chunk.frag">
      <Filter>Resources\Shaders</Filter>
    </None>
    <None Include="chunk_shadow.vert">
      <Filter>Resources\Shaders</Filter>
    </None>
  </ItemGroup>
  <ItemGroup>
    <ClInclude Include="Vertex.h">
      <Filter>Rendering</Filter>
    </ClInclude>
    <ClInclude Include="VBO.h">
      <Filter>Rendering</Filter>
    </ClInclude>
    <ClInclude Include="VAO.h">
      <Filter>Rendering</Filter>
    </ClInclude>
    <ClInclude Include="Mesh.h">
      <Filter>Rendering</Filter>
    </ClInclude>
    <ClInclude Include="EBO.h">
      <Filter>Rendering</Filter>
    </ClInclude>
    <ClInclude Include="Texture.h">
      <Filter>Rendering</Filter>
    </ClInclude>
    <ClInclude Include="world_mesh_utils.h">
      <Filter>World</Filter>
    </ClInclude>
    <ClInclude Include="world_data_utils.h">
      <Filter>World</Filter>
    </ClInclude>
    <ClInclude Include="mesh_utils.h">
      <Filter>World</Filter>
    </ClInclude>
    <ClInclude Include="hashing_utils.h">
      <Filter>World</Filter>
    </ClInclude>
    <ClInclude Include="Direction.h">
      <Filter>World</Filter>
    </ClInclude>
    <ClInclude Include="Chunk.h">
      <Filter>World</Filter>
    </ClInclude>
    <ClInclude Include="BlockType.h">
      <Filter>World</Filter>
    </ClInclude>
    <ClInclude Include="Atlas.h">
      <Filter>World</Filter>
    </ClInclude>
    <ClInclude Include="utils.h">
      <Filter>Engine</Filter>
    </ClInclude>
    <ClInclude Include="World.h">
      <Filter>World</Filter>
    </ClInclude>
    <ClInclude Include="Game.h">
      <Filter>Game</Filter>
    </ClInclude>
    <ClInclude Include="Object.h">
      <Filter>Game</Filter>
    </ClInclude>
    <ClInclude Include="ThreadPool.h">
      <Filter>Engine</Filter>
    </ClInclude>
    <ClInclude Include="SafeQueue.h">
      <Filter>Engine</Filter>
    </ClInclude>
    <ClInclude Include="ShadowMapFBO.h">
      <Filter>Rendering</Filter>
    </ClInclude>
    <ClInclude Include="Shader.h">
      <Filter>Rendering</Filter>
    </ClInclude>
    <ClInclude Include="ChunkMesh.h">
      <Filter>Rendering</Filter>
    </ClInclude>
    <ClInclude Include="ChunkVertex.h">
      <Filter>Rendering</Filter>
    </ClInclude>
    <ClInclude Include="AxisPlane.h">
      <Filter>Game</Filter>
    </ClInclude>
    <ClInclude Include="Camera.h">
      <Filter>Player</Filter>
    </ClInclude>
    <ClInclude Include="Terraformer.h">
      <Filter>Player</Filter>
    </ClInclude>
    <ClInclude Include="BlockSelector.h">
      <Filter>Player</Filter>
    </ClInclude>
  </ItemGroup>
  <ItemGroup>
    <Text Include="lit_color.frag">
      <Filter>Resources\Shaders</Filter>
    </Text>
    <Text Include="shadow_map.frag">
      <Filter>Resources\Shaders</Filter>
    </Text>
  </ItemGroup>
  <ItemGroup>
    <Image Include="atlas.png">
      <Filter>Resources\Textures</Filter>
    </Image>
    <Image Include="atlas_specular.png">
      <Filter>Resources\Textures</Filter>
    </Image>
    <Image Include="planks.png">
      <Filter>Resources\Textures</Filter>
    </Image>
    <Image Include="planks_specular.png">
      <Filter>Resources\Textures</Filter>
    </Image>
  </ItemGroup>
</Project>